
Microsoft Visual Studio Solution File, Format Version 12.00
# Visual Studio Version 17
VisualStudioVersion = 17.13.35806.99 d17.13
MinimumVisualStudioVersion = 10.0.40219.1
Project("{FAE04EC0-301F-11D3-BF4B-00C04F79EFBC}") = "PruebaTecnicaDBack", "PruebaTecnicaDBack\PruebaTecnicaDBack.csproj", "{F29BC2B1-B89B-4D9D-A91B-91F55D14B8FD}"
EndProject
Global
	GlobalSection(SolutionConfigurationPlatforms) = preSolution
		Debug|Any CPU = Debug|Any CPU
		Release|Any CPU = Release|Any CPU
	EndGlobalSection
	GlobalSection(ProjectConfigurationPlatforms) = postSolution
		{F29BC2B1-B89B-4D9D-A91B-91F55D14B8FD}.Debug|Any CPU.ActiveCfg = Debug|Any CPU
		{F29BC2B1-B89B-4D9D-A91B-91F55D14B8FD}.Debug|Any CPU.Build.0 = Debug|Any CPU
		{F29BC2B1-B89B-4D9D-A91B-91F55D14B8FD}.Release|Any CPU.ActiveCfg = Release|Any CPU
		{F29BC2B1-B89B-4D9D-A91B-91F55D14B8FD}.Release|Any CPU.Build.0 = Release|Any CPU
	EndGlobalSection
	GlobalSection(SolutionProperties) = preSolution
		HideSolutionNode = FALSE
	EndGlobalSection
	GlobalSection(ExtensibilityGlobals) = postSolution
		SolutionGuid = {C8A0875A-CA0D-46D5-9EF4-2C6B543062E1}
	EndGlobalSection
EndGlobal
